#MicroXplorer Configuration settings - do not modify
Mcu.Family=STM32F1
ProjectManager.MainLocation=Core/Src
NVIC.ADC1_2_IRQn=true\:0\:0\:false\:false\:true\:true\:true
RCC.MCOFreq_Value=8000000
PCC.Series=STM32F1
SH.S_TIM1_CH4.0=TIM1_CH4,PWM Generation4 CH4
ProjectManager.KeepUserCode=true
Mcu.UserName=STM32F103C8Tx
ADC1.ContinuousConvMode=ENABLE
PCC.Seq0.Step0.CPU_Frequency=0 Hz
TIM1.IPParameters=Channel-PWM Generation3 CH3,Channel-PWM Generation4 CH4,Prescaler,Period
PCC.Seq0.Step0.User's_Consumption=0 mA
SH.ADCx_IN2.0=ADC1_IN2,IN2
ADC1.SamplingTime-6\#ChannelRegularConversion=ADC_SAMPLETIME_1CYCLE_5
RCC.PLLCLKFreq_Value=28000000
ProjectManager.functionlistsort=1-MX_GPIO_Init-GPIO-false-HAL-true,2-MX_DMA_Init-DMA-false-HAL-true,3-SystemClock_Config-RCC-false-HAL-false,4-MX_USART3_UART_Init-USART3-false-HAL-true,5-MX_ADC1_Init-ADC1-false-HAL-true,6-MX_I2C1_Init-I2C1-false-HAL-true,7-MX_TIM1_Init-TIM1-false-HAL-true
RCC.RTCFreq_Value=40000
RCC.ADCFreqValue=250000
SH.S_TIM1_CH3.ConfNb=1
PinOutPanel.RotationAngle=0
ADC1.Channel-8\#ChannelRegularConversion=ADC_CHANNEL_4
ProjectManager.StackSize=0x400
Mcu.IP4=RCC
RCC.FCLKCortexFreq_Value=8000000
Mcu.IP5=SYS
Mcu.IP2=I2C1
NVIC.SVCall_IRQn=true\:0\:0\:false\:false\:true\:false\:false
Mcu.IP3=NVIC
Mcu.IP0=ADC1
PA15.GPIO_Label=Transistor pin
Mcu.IP1=DMA
TIM1.Prescaler=20-1
PCC.PartNumber=STM32F103C8Tx
Mcu.UserConstants=
ADC1.Channel-5\#ChannelRegularConversion=ADC_CHANNEL_1
Mcu.ThirdPartyNb=0
TIM1.Channel-PWM\ Generation4\ CH4=TIM_CHANNEL_4
RCC.HCLKFreq_Value=8000000
SH.ADCx_IN3.0=ADC1_IN3,IN3
Mcu.IPNb=7
ProjectManager.PreviousToolchain=
RCC.APB2TimFreq_Value=1000000
PB6.Signal=I2C1_SCL
Dma.ADC1.0.Direction=DMA_PERIPH_TO_MEMORY
SH.ADCx_IN3.ConfNb=1
PB6.Mode=I2C
Mcu.Pin6=PA7
Mcu.Pin7=PB12
Mcu.Pin8=PA10
Mcu.Pin9=PA11
Dma.ADC1.0.MemDataAlignment=DMA_MDATAALIGN_WORD
RCC.AHBFreq_Value=8000000
Mcu.Pin0=PA0-WKUP
Mcu.Pin1=PA1
GPIO.groupedBy=Group By Peripherals
Mcu.Pin2=PA2
Mcu.Pin3=PA3
Mcu.Pin4=PA4
Mcu.Pin5=PA5
ProjectManager.ProjectBuild=false
NVIC.UsageFault_IRQn=true\:0\:0\:false\:false\:true\:false\:false
NVIC.DebugMonitor_IRQn=true\:0\:0\:false\:false\:true\:false\:false
PCC.Seq0.Step0.Voltage_Source=Vbus
PCC.Seq0.Step0.DMIPS=0.0
NVIC.SysTick_IRQn=true\:0\:0\:false\:false\:true\:false\:true
RCC.PLLMUL=RCC_PLL_MUL7
ProjectManager.FirmwarePackage=STM32Cube FW_F1 V1.8.4
ADC1.SamplingTime-4\#ChannelRegularConversion=ADC_SAMPLETIME_1CYCLE_5
MxDb.Version=DB.6.0.21
ADC1.Channel-6\#ChannelRegularConversion=ADC_CHANNEL_2
PB3.GPIO_PuPd=GPIO_PULLUP
ProjectManager.BackupPrevious=false
PA14.Mode=Serial_Wire
SH.ADCx_IN1.ConfNb=1
Dma.ADC1.0.PeriphInc=DMA_PINC_DISABLE
File.Version=6
PB3.GPIOParameters=GPIO_PuPd
PB7.Signal=I2C1_SDA
SH.ADCx_IN0.0=ADC1_IN0,IN0
SH.ADCx_IN4.ConfNb=1
NVIC.PendSV_IRQn=true\:0\:0\:false\:false\:true\:false\:false
PA15.GPIO_ModeDefaultOutputPP=GPIO_MODE_OUTPUT_PP
Dma.RequestsNb=1
ProjectManager.HalAssertFull=false
VP_TIM1_VS_ClockSourceINT.Mode=Internal
ProjectManager.ProjectName=Solar Tracker
RCC.PLLMCOFreq_Value=14000000
PCC.Seq0.Step0.Oscillator=LSI
Mcu.Package=LQFP48
PA7.Locked=true
ProjectManager.ToolChainLocation=
VP_SYS_VS_Systick.Signal=SYS_VS_Systick
PA10.Signal=S_TIM1_CH3
PA15.Signal=GPIO_Output
PCC.Checker=false
PCC.Seq0.Step0.Duration=1 ms
RCC.APB2CLKDivider=RCC_HCLK_DIV16
SH.ADCx_IN1.0=ADC1_IN1,IN1
RCC.APB1TimFreq_Value=8000000
NVIC.BusFault_IRQn=true\:0\:0\:false\:false\:true\:false\:false
PCC.Seq0.Step0.Peripherals=RTC*
TIM1.Period=1000-1
Dma.Request0=ADC1
ADC1.Rank-6\#ChannelRegularConversion=3
ADC1.SamplingTime-8\#ChannelRegularConversion=ADC_SAMPLETIME_1CYCLE_5
ProjectManager.CustomerFirmwarePackage=
NVIC.RCC_IRQn=true\:0\:0\:false\:false\:true\:true\:false
ADC1.Rank-4\#ChannelRegularConversion=1
PB3.Locked=true
PA3.Signal=ADCx_IN3
PCC.Seq0.Step0.Category=In DS Table
ProjectManager.ProjectFileName=Solar Tracker.ioc
Dma.ADC1.0.Instance=DMA1_Channel1
ADC1.Channel-4\#ChannelRegularConversion=ADC_CHANNEL_0
PA15.GPIOParameters=GPIO_PuPd,GPIO_Label,GPIO_ModeDefaultOutputPP
Mcu.PinsNb=18
PCC.Seq0.Step0.Average_Current=3.2 \u00B5A
PCC.Vdd=3.3
ProjectManager.NoMain=false
ADC1.IPParameters=Rank-4\#ChannelRegularConversion,Channel-4\#ChannelRegularConversion,SamplingTime-4\#ChannelRegularConversion,NbrOfConversionFlag,ContinuousConvMode,Rank-5\#ChannelRegularConversion,Channel-5\#ChannelRegularConversion,SamplingTime-5\#ChannelRegularConversion,Rank-6\#ChannelRegularConversion,Channel-6\#ChannelRegularConversion,SamplingTime-6\#ChannelRegularConversion,Rank-7\#ChannelRegularConversion,Channel-7\#ChannelRegularConversion,SamplingTime-7\#ChannelRegularConversion,NbrOfConversion,Rank-8\#ChannelRegularConversion,Channel-8\#ChannelRegularConversion,SamplingTime-8\#ChannelRegularConversion,master,Rank-9\#ChannelRegularConversion,Channel-9\#ChannelRegularConversion,SamplingTime-9\#ChannelRegularConversion
ADC1.Rank-8\#ChannelRegularConversion=5
ProjectManager.DefaultFWLocation=true
PB12.Locked=true
ProjectManager.DeletePrevious=true
PCC.Line=STM32F103
RCC.APB1CLKDivider=RCC_HCLK_DIV2
RCC.FamilyName=M
PA0-WKUP.Signal=ADCx_IN0
ADC1.Channel-7\#ChannelRegularConversion=ADC_CHANNEL_3
PA13.Signal=SYS_JTMS-SWDIO
PCC.Seq0.Step0.TaMax=105
Dma.ADC1.0.PeriphDataAlignment=DMA_PDATAALIGN_WORD
PCC.MCU=STM32F103C(8-B)Tx
PA15.Locked=true
ProjectManager.TargetToolchain=STM32CubeIDE
Dma.ADC1.0.Mode=DMA_CIRCULAR
PCC.Seq0.Step0.Mode=STANDBY
Dma.ADC1.0.Priority=DMA_PRIORITY_LOW
VP_TIM1_VS_ClockSourceINT.Signal=TIM1_VS_ClockSourceINT
ProjectManager.RegisterCallBack=
RCC.USBFreq_Value=28000000
PA7.GPIO_PuPd=GPIO_PULLDOWN
PA1.Signal=ADCx_IN1
PA5.Signal=ADCx_IN5
board=custom
PCC.Temperature=25
ProjectManager.LastFirmware=true
RCC.VCOOutput2Freq_Value=4000000
Dma.ADC1.0.RequestParameters=Instance,Direction,PeriphInc,MemInc,PeriphDataAlignment,MemDataAlignment,Mode,Priority
RCC.APB2Freq_Value=500000
PCC.Seq0.Step0.Frequency=37 kHz
PCC.Seq0.Step0.Vcore=No Scale
MxCube.Version=6.2.1
SH.ADCx_IN0.ConfNb=1
SH.ADCx_IN2.ConfNb=1
VP_SYS_VS_Systick.Mode=SysTick
SH.ADCx_IN4.0=ADC1_IN4,IN4
NVIC.NonMaskableInt_IRQn=true\:0\:0\:false\:false\:true\:false\:false
ADC1.Rank-9\#ChannelRegularConversion=6
ADC1.NbrOfConversion=6
PA13.Mode=Serial_Wire
ProjectManager.FreePins=true
RCC.IPParameters=ADCFreqValue,AHBFreq_Value,APB1CLKDivider,APB1Freq_Value,APB1TimFreq_Value,APB2CLKDivider,APB2Freq_Value,APB2TimFreq_Value,FCLKCortexFreq_Value,FamilyName,HCLKFreq_Value,MCOFreq_Value,PLLCLKFreq_Value,PLLMCOFreq_Value,PLLMUL,RTCFreq_Value,SYSCLKFreq_VALUE,TimSysFreq_Value,USBFreq_Value,VCOOutput2Freq_Value
ProjectManager.AskForMigrate=true
Mcu.Name=STM32F103C(8-B)Tx
PA2.Signal=ADCx_IN2
ProjectManager.UnderRoot=true
ADC1.Channel-9\#ChannelRegularConversion=ADC_CHANNEL_5
Mcu.IP6=TIM1
ProjectManager.CoupleFile=false
PCC.Seq0.Step0.Memory=n/a
PB3.Signal=GPIO_Input
PA4.Signal=ADCx_IN4
RCC.SYSCLKFreq_VALUE=8000000
RCC.TimSysFreq_Value=8000000
ADC1.master=1
NVIC.ForceEnableDMAVector=true
KeepUserPlacement=false
NVIC.MemoryManagement_IRQn=true\:0\:0\:false\:false\:true\:false\:false
ProjectManager.CompilerOptimize=6
PB7.Mode=I2C
PA11.Signal=S_TIM1_CH4
PA14.Signal=SYS_JTCK-SWCLK
Dma.ADC1.0.MemInc=DMA_MINC_ENABLE
ProjectManager.HeapSize=0x200
Mcu.Pin15=PB7
NVIC.HardFault_IRQn=true\:0\:0\:false\:false\:true\:false\:false
Mcu.Pin16=VP_SYS_VS_Systick
Mcu.Pin13=PB3
SH.S_TIM1_CH3.0=TIM1_CH3,PWM Generation3 CH3
Mcu.Pin14=PB6
ADC1.SamplingTime-5\#ChannelRegularConversion=ADC_SAMPLETIME_1CYCLE_5
ProjectManager.ComputerToolchain=false
Mcu.Pin17=VP_TIM1_VS_ClockSourceINT
SH.ADCx_IN5.0=ADC1_IN5,IN5
ADC1.Rank-7\#ChannelRegularConversion=4
NVIC.PriorityGroup=NVIC_PRIORITYGROUP_4
ADC1.NbrOfConversionFlag=1
Mcu.Pin11=PA14
Mcu.Pin12=PA15
PA15.GPIO_PuPd=GPIO_NOPULL
Mcu.Pin10=PA13
ADC1.SamplingTime-9\#ChannelRegularConversion=ADC_SAMPLETIME_1CYCLE_5
SH.ADCx_IN5.ConfNb=1
ADC1.SamplingTime-7\#ChannelRegularConversion=ADC_SAMPLETIME_1CYCLE_5
NVIC.DMA1_Channel1_IRQn=true\:0\:0\:false\:false\:true\:false\:true
PCC.Seq0.Step0.Vdd=3.3
TIM1.Channel-PWM\ Generation3\ CH3=TIM_CHANNEL_3
PCC.Seq0=1
RCC.APB1Freq_Value=4000000
SH.S_TIM1_CH4.ConfNb=1
PA7.GPIOParameters=GPIO_PuPd
ADC1.Rank-5\#ChannelRegularConversion=2
ProjectManager.DeviceId=STM32F103C8Tx
PB12.Signal=GPIO_Output
ProjectManager.LibraryCopy=1
PA7.Signal=GPIO_Input
isbadioc=false
